
Microsoft Visual Studio Solution File, Format Version 12.00
# Visual Studio 15
VisualStudioVersion = 15.0.28307.1062
MinimumVisualStudioVersion = 10.0.40219.1
Project("{FAE04EC0-301F-11D3-BF4B-00C04F79EFBC}") = "ProdajaVozila", "ProdajaVozila\ProdajaVozila.csproj", "{BECE0535-7598-4510-BF22-50BA30FBA7ED}"
EndProject
Global
	GlobalSection(SolutionConfigurationPlatforms) = preSolution
		Debug|Any CPU = Debug|Any CPU
		Release|Any CPU = Release|Any CPU
	EndGlobalSection
	GlobalSection(ProjectConfigurationPlatforms) = postSolution
		{BECE0535-7598-4510-BF22-50BA30FBA7ED}.Debug|Any CPU.ActiveCfg = Debug|Any CPU
		{BECE0535-7598-4510-BF22-50BA30FBA7ED}.Debug|Any CPU.Build.0 = Debug|Any CPU
		{BECE0535-7598-4510-BF22-50BA30FBA7ED}.Release|Any CPU.ActiveCfg = Release|Any CPU
		{BECE0535-7598-4510-BF22-50BA30FBA7ED}.Release|Any CPU.Build.0 = Release|Any CPU
	EndGlobalSection
	GlobalSection(SolutionProperties) = preSolution
		HideSolutionNode = FALSE
	EndGlobalSection
	GlobalSection(ExtensibilityGlobals) = postSolution
		SolutionGuid = {7B751020-96C8-4901-8D5B-CF89E61A1F08}
	EndGlobalSection
EndGlobal
